# This file is automatically @generated by Cargo.
# It is not intended for manual editing.
version = 4

[[package]]
name = "obot-bench-debug"
version = "0.1.0"
dependencies = [
 "obot-core",
 "obot-protocol",
]

[[package]]
name = "obot-core"
version = "0.1.0"

[[package]]
name = "obot-protocol"
version = "0.1.0"
dependencies = [
 "obot-core",
]
